
Microsoft Visual Studio Solution File, Format Version 12.00
# Visual Studio 15
VisualStudioVersion = 15.0.27130.2010
MinimumVisualStudioVersion = 10.0.40219.1
Project("{FAE04EC0-301F-11D3-BF4B-00C04F79EFBC}") = "Image_Divider", "Image_Divider\Image_Divider.csproj", "{072FEA6F-DD12-4063-82EA-165B6C4A7A9A}"
EndProject
Global
	GlobalSection(SolutionConfigurationPlatforms) = preSolution
		Debug|Any CPU = Debug|Any CPU
		Release|Any CPU = Release|Any CPU
	EndGlobalSection
	GlobalSection(ProjectConfigurationPlatforms) = postSolution
		{072FEA6F-DD12-4063-82EA-165B6C4A7A9A}.Debug|Any CPU.ActiveCfg = Debug|Any CPU
		{072FEA6F-DD12-4063-82EA-165B6C4A7A9A}.Debug|Any CPU.Build.0 = Debug|Any CPU
		{072FEA6F-DD12-4063-82EA-165B6C4A7A9A}.Release|Any CPU.ActiveCfg = Release|Any CPU
		{072FEA6F-DD12-4063-82EA-165B6C4A7A9A}.Release|Any CPU.Build.0 = Release|Any CPU
	EndGlobalSection
	GlobalSection(SolutionProperties) = preSolution
		HideSolutionNode = FALSE
	EndGlobalSection
	GlobalSection(ExtensibilityGlobals) = postSolution
		SolutionGuid = {0EAA1790-D9BA-4F46-AC61-05D03BA56D0C}
	EndGlobalSection
EndGlobal
